
Microsoft Visual Studio Solution File, Format Version 11.00
# Visual Studio 2010
Project("{FAE04EC0-301F-11D3-BF4B-00C04F79EFBC}") = "UnityEngine.UI", "UnityEngine.UI.csproj", "{b16f1d00-e782-466e-3bb6-9eb18936a182}"
EndProject
Project("{FAE04EC0-301F-11D3-BF4B-00C04F79EFBC}") = "Unity.RenderPipelines.Core.Runtime", "Unity.RenderPipelines.Core.Runtime.csproj", "{62d502c8-9c4b-5a46-2e3e-0e098b096e53}"
EndProject
Project("{FAE04EC0-301F-11D3-BF4B-00C04F79EFBC}") = "UnityEngine.TestRunner", "UnityEngine.TestRunner.csproj", "{58954941-7e3d-df0d-c28c-f7ff93df15f7}"
EndProject
Project("{FAE04EC0-301F-11D3-BF4B-00C04F79EFBC}") = "Unity.Mathematics", "Unity.Mathematics.csproj", "{f198efa0-b985-0212-725b-0cc4c4508f03}"
EndProject
Project("{FAE04EC0-301F-11D3-BF4B-00C04F79EFBC}") = "Assembly-CSharp", "Assembly-CSharp.csproj", "{06cc8c4c-05df-2289-08df-1ec397de0ffa}"
EndProject
Project("{FAE04EC0-301F-11D3-BF4B-00C04F79EFBC}") = "Unity.RenderPipelines.Universal.Runtime", "Unity.RenderPipelines.Universal.Runtime.csproj", "{fe5a091b-e27e-1715-e568-ac842bd99f08}"
EndProject
Project("{FAE04EC0-301F-11D3-BF4B-00C04F79EFBC}") = "Unity.TextMeshPro", "Unity.TextMeshPro.csproj", "{d92cdb66-b879-4c6a-3fd4-1c1939d73034}"
EndProject
Project("{FAE04EC0-301F-11D3-BF4B-00C04F79EFBC}") = "Unity.ProBuilder.Poly2Tri", "Unity.ProBuilder.Poly2Tri.csproj", "{09d1d19b-c35e-49b6-c5e7-5efa0a709607}"
EndProject
Project("{FAE04EC0-301F-11D3-BF4B-00C04F79EFBC}") = "Unity.Timeline", "Unity.Timeline.csproj", "{3aded2a0-1d53-ddbb-0de3-77f18040f545}"
EndProject
Project("{FAE04EC0-301F-11D3-BF4B-00C04F79EFBC}") = "Unity.ProBuilder", "Unity.ProBuilder.csproj", "{36d64724-81b4-c677-f47b-fc91f35050d5}"
EndProject
Project("{FAE04EC0-301F-11D3-BF4B-00C04F79EFBC}") = "Unity.ProBuilder.Csg", "Unity.ProBuilder.Csg.csproj", "{622bd65a-0201-c43c-f198-dbdb67827606}"
EndProject
Project("{FAE04EC0-301F-11D3-BF4B-00C04F79EFBC}") = "Unity.ProBuilder.KdTree", "Unity.ProBuilder.KdTree.csproj", "{654c3159-dd4b-9fd9-e63a-cf74e8803730}"
EndProject
Project("{FAE04EC0-301F-11D3-BF4B-00C04F79EFBC}") = "Unity.RenderPipelines.Core.ShaderLibrary", "Unity.RenderPipelines.Core.ShaderLibrary.csproj", "{6edbb4f4-f348-52e1-748e-03ded4ccd566}"
EndProject
Project("{FAE04EC0-301F-11D3-BF4B-00C04F79EFBC}") = "Unity.RenderPipeline.Universal.ShaderLibrary", "Unity.RenderPipeline.Universal.ShaderLibrary.csproj", "{04e4118c-560b-2a90-89e0-c381da6b906b}"
EndProject
Project("{FAE04EC0-301F-11D3-BF4B-00C04F79EFBC}") = "Unity.ProBuilder.Stl", "Unity.ProBuilder.Stl.csproj", "{8e743412-f963-a14a-62e5-1aa7dbe0baf0}"
EndProject
Project("{FAE04EC0-301F-11D3-BF4B-00C04F79EFBC}") = "Unity.RenderPipelines.Universal.Shaders", "Unity.RenderPipelines.Universal.Shaders.csproj", "{0f802228-a340-901f-45ed-ab41d9971457}"
EndProject
Project("{FAE04EC0-301F-11D3-BF4B-00C04F79EFBC}") = "Unity.RenderPipelines.ShaderGraph.ShaderGraphLibrary", "Unity.RenderPipelines.ShaderGraph.ShaderGraphLibrary.csproj", "{0f695d94-4b10-595c-f0c4-3d957b7a40f1}"
EndProject
Project("{FAE04EC0-301F-11D3-BF4B-00C04F79EFBC}") = "Unity.RenderPipelines.HighDefinition.Config.Runtime", "Unity.RenderPipelines.HighDefinition.Config.Runtime.csproj", "{278c84ff-c31f-e3a1-8cfd-7508ebc3baf6}"
EndProject
Project("{FAE04EC0-301F-11D3-BF4B-00C04F79EFBC}") = "Unity.PlasticSCM.Editor", "Unity.PlasticSCM.Editor.csproj", "{b98618f5-3c70-c11d-a47a-525ff3fa272e}"
EndProject
Project("{FAE04EC0-301F-11D3-BF4B-00C04F79EFBC}") = "Unity.ShaderGraph.Editor", "Unity.ShaderGraph.Editor.csproj", "{16f9c639-f9ef-4bbc-5217-0349b6b591b2}"
EndProject
Project("{FAE04EC0-301F-11D3-BF4B-00C04F79EFBC}") = "Unity.VisualStudio.Editor", "Unity.VisualStudio.Editor.csproj", "{54c0bcef-0530-9c4d-1561-2130c3182ff4}"
EndProject
Project("{FAE04EC0-301F-11D3-BF4B-00C04F79EFBC}") = "Unity.ProBuilder.Editor", "Unity.ProBuilder.Editor.csproj", "{5c845a1f-4f29-987c-abc4-af35a5db433b}"
EndProject
Project("{FAE04EC0-301F-11D3-BF4B-00C04F79EFBC}") = "Unity.Timeline.Editor", "Unity.Timeline.Editor.csproj", "{edbb800f-64eb-7fba-ddd9-6dd195fbb011}"
EndProject
Project("{FAE04EC0-301F-11D3-BF4B-00C04F79EFBC}") = "Unity.TextMeshPro.Editor", "Unity.TextMeshPro.Editor.csproj", "{2cbf85dd-1e4f-b0b7-b782-2a137b39bbf5}"
EndProject
Project("{FAE04EC0-301F-11D3-BF4B-00C04F79EFBC}") = "Unity.CollabProxy.Editor", "Unity.CollabProxy.Editor.csproj", "{bf56680a-37e7-1e3b-997b-2829315840af}"
EndProject
Project("{FAE04EC0-301F-11D3-BF4B-00C04F79EFBC}") = "UnityEditor.TestRunner", "UnityEditor.TestRunner.csproj", "{e20a174f-6efa-aff9-a5f9-cf00e82d1381}"
EndProject
Project("{FAE04EC0-301F-11D3-BF4B-00C04F79EFBC}") = "Unity.Rider.Editor", "Unity.Rider.Editor.csproj", "{65d4ed12-5ff5-e2a5-e99f-c823c6ad61bf}"
EndProject
Project("{FAE04EC0-301F-11D3-BF4B-00C04F79EFBC}") = "Unity.RenderPipelines.Universal.Editor", "Unity.RenderPipelines.Universal.Editor.csproj", "{5387c36a-e89b-6d96-48d3-a557100fd970}"
EndProject
Project("{FAE04EC0-301F-11D3-BF4B-00C04F79EFBC}") = "Unity.Services.Core.Editor", "Unity.Services.Core.Editor.csproj", "{e8aadbec-0f94-6c32-3f0b-0cc01f8a12ba}"
EndProject
Project("{FAE04EC0-301F-11D3-BF4B-00C04F79EFBC}") = "Unity.RenderPipelines.Core.Editor", "Unity.RenderPipelines.Core.Editor.csproj", "{ae2f1aa7-51d9-5115-b66a-5cf961519b42}"
EndProject
Project("{FAE04EC0-301F-11D3-BF4B-00C04F79EFBC}") = "Unity.Searcher.Editor", "Unity.Searcher.Editor.csproj", "{b39c6c69-4f42-fad0-0ef4-addacc02a62c}"
EndProject
Project("{FAE04EC0-301F-11D3-BF4B-00C04F79EFBC}") = "Unity.VSCode.Editor", "Unity.VSCode.Editor.csproj", "{bc649bc7-798b-4bf8-d173-e493ade7428c}"
EndProject
Project("{FAE04EC0-301F-11D3-BF4B-00C04F79EFBC}") = "Unity.ProBuilder.AssetIdRemapUtility", "Unity.ProBuilder.AssetIdRemapUtility.csproj", "{17577990-971b-8c04-bece-4d37eb78da89}"
EndProject
Project("{FAE04EC0-301F-11D3-BF4B-00C04F79EFBC}") = "Unity.2D.Sprite.Editor", "Unity.2D.Sprite.Editor.csproj", "{e92e087f-a2cf-6a37-a21f-614eeb86bf9e}"
EndProject
Project("{FAE04EC0-301F-11D3-BF4B-00C04F79EFBC}") = "UnityEditor.UI", "UnityEditor.UI.csproj", "{155f9a66-3fda-40c8-ccb1-6e7f1757c78d}"
EndProject
Project("{FAE04EC0-301F-11D3-BF4B-00C04F79EFBC}") = "Unity.Settings.Editor", "Unity.Settings.Editor.csproj", "{83056ed9-8159-bd3e-0d3f-075759b0a020}"
EndProject
Project("{FAE04EC0-301F-11D3-BF4B-00C04F79EFBC}") = "Unity.Mathematics.Editor", "Unity.Mathematics.Editor.csproj", "{884116fe-454a-699a-8655-d284f80b5df3}"
EndProject
Project("{FAE04EC0-301F-11D3-BF4B-00C04F79EFBC}") = "Unity.ShaderGraph.Utilities", "Unity.ShaderGraph.Utilities.csproj", "{8c6c1707-5406-f82b-fd5c-46ec55abba96}"
EndProject
Project("{FAE04EC0-301F-11D3-BF4B-00C04F79EFBC}") = "Unity.ProBuilder.AddOns.Editor", "Unity.ProBuilder.AddOns.Editor.csproj", "{b2eeced3-f2ba-5316-c1ea-2974084d2073}"
EndProject
Global
	GlobalSection(SolutionConfigurationPlatforms) = preSolution
		Debug|Any CPU = Debug|Any CPU
	EndGlobalSection
	GlobalSection(ProjectConfigurationPlatforms) = postSolution
		{b16f1d00-e782-466e-3bb6-9eb18936a182}.Debug|Any CPU.ActiveCfg = Debug|Any CPU
		{b16f1d00-e782-466e-3bb6-9eb18936a182}.Debug|Any CPU.Build.0 = Debug|Any CPU
		{62d502c8-9c4b-5a46-2e3e-0e098b096e53}.Debug|Any CPU.ActiveCfg = Debug|Any CPU
		{62d502c8-9c4b-5a46-2e3e-0e098b096e53}.Debug|Any CPU.Build.0 = Debug|Any CPU
		{58954941-7e3d-df0d-c28c-f7ff93df15f7}.Debug|Any CPU.ActiveCfg = Debug|Any CPU
		{58954941-7e3d-df0d-c28c-f7ff93df15f7}.Debug|Any CPU.Build.0 = Debug|Any CPU
		{f198efa0-b985-0212-725b-0cc4c4508f03}.Debug|Any CPU.ActiveCfg = Debug|Any CPU
		{f198efa0-b985-0212-725b-0cc4c4508f03}.Debug|Any CPU.Build.0 = Debug|Any CPU
		{06cc8c4c-05df-2289-08df-1ec397de0ffa}.Debug|Any CPU.ActiveCfg = Debug|Any CPU
		{06cc8c4c-05df-2289-08df-1ec397de0ffa}.Debug|Any CPU.Build.0 = Debug|Any CPU
		{fe5a091b-e27e-1715-e568-ac842bd99f08}.Debug|Any CPU.ActiveCfg = Debug|Any CPU
		{fe5a091b-e27e-1715-e568-ac842bd99f08}.Debug|Any CPU.Build.0 = Debug|Any CPU
		{d92cdb66-b879-4c6a-3fd4-1c1939d73034}.Debug|Any CPU.ActiveCfg = Debug|Any CPU
		{d92cdb66-b879-4c6a-3fd4-1c1939d73034}.Debug|Any CPU.Build.0 = Debug|Any CPU
		{09d1d19b-c35e-49b6-c5e7-5efa0a709607}.Debug|Any CPU.ActiveCfg = Debug|Any CPU
		{09d1d19b-c35e-49b6-c5e7-5efa0a709607}.Debug|Any CPU.Build.0 = Debug|Any CPU
		{3aded2a0-1d53-ddbb-0de3-77f18040f545}.Debug|Any CPU.ActiveCfg = Debug|Any CPU
		{3aded2a0-1d53-ddbb-0de3-77f18040f545}.Debug|Any CPU.Build.0 = Debug|Any CPU
		{36d64724-81b4-c677-f47b-fc91f35050d5}.Debug|Any CPU.ActiveCfg = Debug|Any CPU
		{36d64724-81b4-c677-f47b-fc91f35050d5}.Debug|Any CPU.Build.0 = Debug|Any CPU
		{622bd65a-0201-c43c-f198-dbdb67827606}.Debug|Any CPU.ActiveCfg = Debug|Any CPU
		{622bd65a-0201-c43c-f198-dbdb67827606}.Debug|Any CPU.Build.0 = Debug|Any CPU
		{654c3159-dd4b-9fd9-e63a-cf74e8803730}.Debug|Any CPU.ActiveCfg = Debug|Any CPU
		{654c3159-dd4b-9fd9-e63a-cf74e8803730}.Debug|Any CPU.Build.0 = Debug|Any CPU
		{6edbb4f4-f348-52e1-748e-03ded4ccd566}.Debug|Any CPU.ActiveCfg = Debug|Any CPU
		{6edbb4f4-f348-52e1-748e-03ded4ccd566}.Debug|Any CPU.Build.0 = Debug|Any CPU
		{04e4118c-560b-2a90-89e0-c381da6b906b}.Debug|Any CPU.ActiveCfg = Debug|Any CPU
		{04e4118c-560b-2a90-89e0-c381da6b906b}.Debug|Any CPU.Build.0 = Debug|Any CPU
		{8e743412-f963-a14a-62e5-1aa7dbe0baf0}.Debug|Any CPU.ActiveCfg = Debug|Any CPU
		{8e743412-f963-a14a-62e5-1aa7dbe0baf0}.Debug|Any CPU.Build.0 = Debug|Any CPU
		{0f802228-a340-901f-45ed-ab41d9971457}.Debug|Any CPU.ActiveCfg = Debug|Any CPU
		{0f802228-a340-901f-45ed-ab41d9971457}.Debug|Any CPU.Build.0 = Debug|Any CPU
		{0f695d94-4b10-595c-f0c4-3d957b7a40f1}.Debug|Any CPU.ActiveCfg = Debug|Any CPU
		{0f695d94-4b10-595c-f0c4-3d957b7a40f1}.Debug|Any CPU.Build.0 = Debug|Any CPU
		{278c84ff-c31f-e3a1-8cfd-7508ebc3baf6}.Debug|Any CPU.ActiveCfg = Debug|Any CPU
		{278c84ff-c31f-e3a1-8cfd-7508ebc3baf6}.Debug|Any CPU.Build.0 = Debug|Any CPU
		{b98618f5-3c70-c11d-a47a-525ff3fa272e}.Debug|Any CPU.ActiveCfg = Debug|Any CPU
		{b98618f5-3c70-c11d-a47a-525ff3fa272e}.Debug|Any CPU.Build.0 = Debug|Any CPU
		{16f9c639-f9ef-4bbc-5217-0349b6b591b2}.Debug|Any CPU.ActiveCfg = Debug|Any CPU
		{16f9c639-f9ef-4bbc-5217-0349b6b591b2}.Debug|Any CPU.Build.0 = Debug|Any CPU
		{54c0bcef-0530-9c4d-1561-2130c3182ff4}.Debug|Any CPU.ActiveCfg = Debug|Any CPU
		{54c0bcef-0530-9c4d-1561-2130c3182ff4}.Debug|Any CPU.Build.0 = Debug|Any CPU
		{5c845a1f-4f29-987c-abc4-af35a5db433b}.Debug|Any CPU.ActiveCfg = Debug|Any CPU
		{5c845a1f-4f29-987c-abc4-af35a5db433b}.Debug|Any CPU.Build.0 = Debug|Any CPU
		{edbb800f-64eb-7fba-ddd9-6dd195fbb011}.Debug|Any CPU.ActiveCfg = Debug|Any CPU
		{edbb800f-64eb-7fba-ddd9-6dd195fbb011}.Debug|Any CPU.Build.0 = Debug|Any CPU
		{2cbf85dd-1e4f-b0b7-b782-2a137b39bbf5}.Debug|Any CPU.ActiveCfg = Debug|Any CPU
		{2cbf85dd-1e4f-b0b7-b782-2a137b39bbf5}.Debug|Any CPU.Build.0 = Debug|Any CPU
		{bf56680a-37e7-1e3b-997b-2829315840af}.Debug|Any CPU.ActiveCfg = Debug|Any CPU
		{bf56680a-37e7-1e3b-997b-2829315840af}.Debug|Any CPU.Build.0 = Debug|Any CPU
		{e20a174f-6efa-aff9-a5f9-cf00e82d1381}.Debug|Any CPU.ActiveCfg = Debug|Any CPU
		{e20a174f-6efa-aff9-a5f9-cf00e82d1381}.Debug|Any CPU.Build.0 = Debug|Any CPU
		{65d4ed12-5ff5-e2a5-e99f-c823c6ad61bf}.Debug|Any CPU.ActiveCfg = Debug|Any CPU
		{65d4ed12-5ff5-e2a5-e99f-c823c6ad61bf}.Debug|Any CPU.Build.0 = Debug|Any CPU
		{5387c36a-e89b-6d96-48d3-a557100fd970}.Debug|Any CPU.ActiveCfg = Debug|Any CPU
		{5387c36a-e89b-6d96-48d3-a557100fd970}.Debug|Any CPU.Build.0 = Debug|Any CPU
		{e8aadbec-0f94-6c32-3f0b-0cc01f8a12ba}.Debug|Any CPU.ActiveCfg = Debug|Any CPU
		{e8aadbec-0f94-6c32-3f0b-0cc01f8a12ba}.Debug|Any CPU.Build.0 = Debug|Any CPU
		{ae2f1aa7-51d9-5115-b66a-5cf961519b42}.Debug|Any CPU.ActiveCfg = Debug|Any CPU
		{ae2f1aa7-51d9-5115-b66a-5cf961519b42}.Debug|Any CPU.Build.0 = Debug|Any CPU
		{b39c6c69-4f42-fad0-0ef4-addacc02a62c}.Debug|Any CPU.ActiveCfg = Debug|Any CPU
		{b39c6c69-4f42-fad0-0ef4-addacc02a62c}.Debug|Any CPU.Build.0 = Debug|Any CPU
		{bc649bc7-798b-4bf8-d173-e493ade7428c}.Debug|Any CPU.ActiveCfg = Debug|Any CPU
		{bc649bc7-798b-4bf8-d173-e493ade7428c}.Debug|Any CPU.Build.0 = Debug|Any CPU
		{17577990-971b-8c04-bece-4d37eb78da89}.Debug|Any CPU.ActiveCfg = Debug|Any CPU
		{17577990-971b-8c04-bece-4d37eb78da89}.Debug|Any CPU.Build.0 = Debug|Any CPU
		{e92e087f-a2cf-6a37-a21f-614eeb86bf9e}.Debug|Any CPU.ActiveCfg = Debug|Any CPU
		{e92e087f-a2cf-6a37-a21f-614eeb86bf9e}.Debug|Any CPU.Build.0 = Debug|Any CPU
		{155f9a66-3fda-40c8-ccb1-6e7f1757c78d}.Debug|Any CPU.ActiveCfg = Debug|Any CPU
		{155f9a66-3fda-40c8-ccb1-6e7f1757c78d}.Debug|Any CPU.Build.0 = Debug|Any CPU
		{83056ed9-8159-bd3e-0d3f-075759b0a020}.Debug|Any CPU.ActiveCfg = Debug|Any CPU
		{83056ed9-8159-bd3e-0d3f-075759b0a020}.Debug|Any CPU.Build.0 = Debug|Any CPU
		{884116fe-454a-699a-8655-d284f80b5df3}.Debug|Any CPU.ActiveCfg = Debug|Any CPU
		{884116fe-454a-699a-8655-d284f80b5df3}.Debug|Any CPU.Build.0 = Debug|Any CPU
		{8c6c1707-5406-f82b-fd5c-46ec55abba96}.Debug|Any CPU.ActiveCfg = Debug|Any CPU
		{8c6c1707-5406-f82b-fd5c-46ec55abba96}.Debug|Any CPU.Build.0 = Debug|Any CPU
		{b2eeced3-f2ba-5316-c1ea-2974084d2073}.Debug|Any CPU.ActiveCfg = Debug|Any CPU
		{b2eeced3-f2ba-5316-c1ea-2974084d2073}.Debug|Any CPU.Build.0 = Debug|Any CPU
	EndGlobalSection
	GlobalSection(SolutionProperties) = preSolution
		HideSolutionNode = FALSE
	EndGlobalSection
EndGlobal
